{
  "nodes": {
    "emacs-overlay": {
      "inputs": {
        "flake-utils": "flake-utils",
        "nixpkgs": "nixpkgs",
        "nixpkgs-stable": "nixpkgs-stable"
      },
      "locked": {
        "lastModified": 1694168836,
        "narHash": "sha256-oa4NpUy0wvwL5alf5i2B3RdZXBZrE8UrftXEt2iymMM=",
        "owner": "nix-community",
        "repo": "emacs-overlay",
        "rev": "bb66fc3e52bff6aa3a1997985c999bd89d20ac36",
        "type": "github"
      },
      "original": {
        "owner": "nix-community",
        "repo": "emacs-overlay",
        "type": "github"
      }
    },
    "flake-utils": {
      "inputs": {
        "systems": "systems"
      },
      "locked": {
        "lastModified": 1692799911,
        "narHash": "sha256-3eihraek4qL744EvQXsK1Ha6C3CR7nnT8X2qWap4RNk=",
        "owner": "numtide",
        "repo": "flake-utils",
        "rev": "f9e7cf818399d17d347f847525c5a5a8032e4e44",
        "type": "github"
      },
      "original": {
        "owner": "numtide",
        "repo": "flake-utils",
        "type": "github"
      }
    },
    "nixpkgs": {
      "locked": {
        "lastModified": 1693985761,
        "narHash": "sha256-K5b+7j7Tt3+AqbWkcw+wMeqOAWyCD1MH26FPZyWXpdo=",
        "owner": "NixOS",
        "repo": "nixpkgs",
        "rev": "0bffda19b8af722f8069d09d8b6a24594c80b352",
        "type": "github"
      },
      "original": {
        "owner": "NixOS",
        "ref": "nixos-unstable",
        "repo": "nixpkgs",
        "type": "github"
      }
    },
    "nixpkgs-stable": {
      "locked": {
        "lastModified": 1694048570,
        "narHash": "sha256-PEQptwFCVaJ+jLFJgrZll2shQ9VI/7xVhrCYkJo8iIw=",
        "owner": "NixOS",
        "repo": "nixpkgs",
        "rev": "4f77ea639305f1de0a14d9d41eef83313360638c",
        "type": "github"
      },
      "original": {
        "owner": "NixOS",
        "ref": "nixos-23.05",
        "repo": "nixpkgs",
        "type": "github"
      }
    },
    "nixpkgs_2": {
      "locked": {
        "lastModified": 1694062546,
        "narHash": "sha256-PiGI4f2BGnZcedP6slLjCLGLRLXPa9+ogGGgVPfGxys=",
        "owner": "NixOS",
        "repo": "nixpkgs",
        "rev": "b200e0df08f80c32974a6108ce431d8a8a5e6547",
        "type": "github"
      },
      "original": {
        "owner": "NixOS",
        "ref": "nixpkgs-unstable",
        "repo": "nixpkgs",
        "type": "github"
      }
    },
    "root": {
      "inputs": {
        "emacs-overlay": "emacs-overlay",
        "nixpkgs": "nixpkgs_2"
      }
    },
    "systems": {
      "locked": {
        "lastModified": 1681028828,
        "narHash": "sha256-Vy1rq5AaRuLzOxct8nz4T6wlgyUR7zLU309k9mBC768=",
        "owner": "nix-systems",
        "repo": "default",
        "rev": "da67096a3b9bf56a91d16901293e51ba5b49a27e",
        "type": "github"
      },
      "original": {
        "owner": "nix-systems",
        "repo": "default",
        "type": "github"
      }
    }
  },
  "root": "root",
  "version": 7
}
