{
  "nodes": {
    "emacs-overlay": {
      "inputs": {
        "nixpkgs": [
          "nixpkgs"
        ],
        "nixpkgs-stable": "nixpkgs-stable"
      },
      "locked": {
        "lastModified": 1749003682,
        "narHash": "sha256-7AZ5Jl235GGOnTciCmENWMvEfcemKocp3tzdiIgaSUA=",
        "owner": "nix-community",
        "repo": "emacs-overlay",
        "rev": "92b75bf8b4e26ae3373fbe6331f9a1c63efc1e29",
        "type": "github"
      },
      "original": {
        "owner": "nix-community",
        "repo": "emacs-overlay",
        "type": "github"
      }
    },
    "nixpkgs": {
      "locked": {
        "lastModified": 1749004944,
        "narHash": "sha256-Wo30/usu6nECoF4BBOjEVB3LJX8IARaclNFIUGOHatU=",
        "owner": "NixOS",
        "repo": "nixpkgs",
        "rev": "f67b454f0b7fa252b125f58e0692b9a7bc908c95",
        "type": "github"
      },
      "original": {
        "owner": "NixOS",
        "repo": "nixpkgs",
        "type": "github"
      }
    },
    "nixpkgs-stable": {
      "locked": {
        "lastModified": 1748810746,
        "narHash": "sha256-1na8blYvU1F6HLwx/aFjrhUqpqZ0SCsnqqW9n2vXvok=",
        "owner": "NixOS",
        "repo": "nixpkgs",
        "rev": "78d9f40fd6941a1543ffc3ed358e19c69961d3c1",
        "type": "github"
      },
      "original": {
        "owner": "NixOS",
        "ref": "nixos-24.11",
        "repo": "nixpkgs",
        "type": "github"
      }
    },
    "root": {
      "inputs": {
        "emacs-overlay": "emacs-overlay",
        "nixpkgs": "nixpkgs"
      }
    }
  },
  "root": "root",
  "version": 7
}
